{
  "name": "tozer",
  "version": "1.0.0",
  "lockfileVersion": 3,
  "requires": true,
  "packages": {
    "": {
      "name": "tozer",
      "version": "1.0.0",
      "dependencies": {
        "kjv": "1.0.0",
        "websters-english-dictionary": "2.0.0",
        "wordnet-db": "3.1.14",
        "world-english-bible": "1.0.1"
      },
      "engines": {
        "node": ">=18"
      }
    },
    "node_modules/kjv": {
      "version": "1.0.0",
      "resolved": "https://registry.npmjs.org/kjv/-/kjv-1.0.0.tgz",
      "integrity": "sha512-YIHFSpcXqlZ8YcOZMG7MgCKOj3MMICuHg5fZ9z9ovPYkhPQgtci2ppcO8FMUroRh48hwdsxPBa+Xdfop98/2yA==",
      "deprecated": "This package is no longer maintained.",
      "license": "MIT"
    },
    "node_modules/websters-english-dictionary": {
      "version": "2.0.0",
      "resolved": "https://registry.npmjs.org/websters-english-dictionary/-/websters-english-dictionary-2.0.0.tgz",
      "integrity": "sha512-37x4J9oGtTaRvnP45US35eDItqLPfYw1F9zqMxQEPYgMEcgwg6LEucmtJEXHQYGGVCtrByLGKT0D8nWITHDL9w==",
      "license": "ISC"
    },
    "node_modules/wordnet-db": {
      "version": "3.1.14",
      "resolved": "https://registry.npmjs.org/wordnet-db/-/wordnet-db-3.1.14.tgz",
      "integrity": "sha512-zVyFsvE+mq9MCmwXUWHIcpfbrHHClZWZiVOzKSxNJruIcFn2RbY55zkhiAMMxM8zCVSmtNiViq8FsAZSFpMYag==",
      "license": "MIT",
      "engines": {
        "node": ">=0.6.0"
      }
    },
    "node_modules/world-english-bible": {
      "version": "1.0.1",
      "resolved": "https://registry.npmjs.org/world-english-bible/-/world-english-bible-1.0.1.tgz",
      "integrity": "sha512-OH/5yt9BYrhy1oBXXwhSuL9ES97t5Ij8rLWeQZUOIFAkoGzZaq8aLcKMBdzwHqPbJBkyMYPhgFj6rzvtT/oT4A==",
      "license": "UNLICENSED"
    }
  }
}
